
Microsoft Visual Studio Solution File, Format Version 12.00
# Visual Studio 14
VisualStudioVersion = 14.0.24720.0
MinimumVisualStudioVersion = 10.0.40219.1
Project("{FAE04EC0-301F-11D3-BF4B-00C04F79EFBC}") = "FinalExamProject", "FinalExamProject\FinalExamProject.csproj", "{1AF88A09-ACEF-42CA-B686-EBA48093D314}"
EndProject
Project("{FAE04EC0-301F-11D3-BF4B-00C04F79EFBC}") = "FinalExamProject.Tests", "FinalExamProject.Tests\FinalExamProject.Tests.csproj", "{F86C56AC-DCF1-4062-8C10-6166FFFC3E36}"
EndProject
Global
	GlobalSection(SolutionConfigurationPlatforms) = preSolution
		Debug|Any CPU = Debug|Any CPU
		Release|Any CPU = Release|Any CPU
	EndGlobalSection
	GlobalSection(ProjectConfigurationPlatforms) = postSolution
		{1AF88A09-ACEF-42CA-B686-EBA48093D314}.Debug|Any CPU.ActiveCfg = Debug|Any CPU
		{1AF88A09-ACEF-42CA-B686-EBA48093D314}.Debug|Any CPU.Build.0 = Debug|Any CPU
		{1AF88A09-ACEF-42CA-B686-EBA48093D314}.Release|Any CPU.ActiveCfg = Release|Any CPU
		{1AF88A09-ACEF-42CA-B686-EBA48093D314}.Release|Any CPU.Build.0 = Release|Any CPU
		{F86C56AC-DCF1-4062-8C10-6166FFFC3E36}.Debug|Any CPU.ActiveCfg = Debug|Any CPU
		{F86C56AC-DCF1-4062-8C10-6166FFFC3E36}.Debug|Any CPU.Build.0 = Debug|Any CPU
		{F86C56AC-DCF1-4062-8C10-6166FFFC3E36}.Release|Any CPU.ActiveCfg = Release|Any CPU
		{F86C56AC-DCF1-4062-8C10-6166FFFC3E36}.Release|Any CPU.Build.0 = Release|Any CPU
	EndGlobalSection
	GlobalSection(SolutionProperties) = preSolution
		HideSolutionNode = FALSE
	EndGlobalSection
EndGlobal
